
Microsoft Visual Studio Solution File, Format Version 11.00
# Visual Studio 2010
Project("{FAE04EC0-301F-11D3-BF4B-00C04F79EFBC}") = "SIMTEC3D Prac1", "SIMTEC3D Prac1\SIMTEC3D Prac1\SIMTEC3D Prac1.csproj", "{8996B2E4-8C74-44B8-91F0-5C251849893B}"
EndProject
Project("{96E2B04D-8817-42C6-938A-82C39BA4D311}") = "SIMTEC3D Prac1Content", "SIMTEC3D Prac1\SIMTEC3D Prac1Content\SIMTEC3D Prac1Content.contentproj", "{C2C8B49E-DEC5-49BB-95AD-B335CC39CD6B}"
EndProject
Global
	GlobalSection(SolutionConfigurationPlatforms) = preSolution
		Debug|x86 = Debug|x86
		Release|x86 = Release|x86
	EndGlobalSection
	GlobalSection(ProjectConfigurationPlatforms) = postSolution
		{8996B2E4-8C74-44B8-91F0-5C251849893B}.Debug|x86.ActiveCfg = Debug|x86
		{8996B2E4-8C74-44B8-91F0-5C251849893B}.Debug|x86.Build.0 = Debug|x86
		{8996B2E4-8C74-44B8-91F0-5C251849893B}.Release|x86.ActiveCfg = Release|x86
		{8996B2E4-8C74-44B8-91F0-5C251849893B}.Release|x86.Build.0 = Release|x86
		{C2C8B49E-DEC5-49BB-95AD-B335CC39CD6B}.Debug|x86.ActiveCfg = Debug|x86
		{C2C8B49E-DEC5-49BB-95AD-B335CC39CD6B}.Release|x86.ActiveCfg = Release|x86
	EndGlobalSection
	GlobalSection(SolutionProperties) = preSolution
		HideSolutionNode = FALSE
	EndGlobalSection
EndGlobal
